{
  "name": "origamisimulator",
  "version": "1.0.0",
  "lockfileVersion": 1,
  "requires": true,
  "dependencies": {
    "earcut": {
      "version": "2.2.1",
      "resolved": "https://registry.npmjs.org/earcut/-/earcut-2.2.1.tgz",
      "integrity": "sha512-5jIMi2RB3HtGPHcYd9Yyl0cczo84y+48lgKPxMijliNQaKAHEZJbdzLmKmdxG/mCdS/YD9DQ1gihL8mxzR0F9w=="
    },
    "fold": {
      "version": "0.10.4",
      "resolved": "https://registry.npmjs.org/fold/-/fold-0.10.4.tgz",
      "integrity": "sha512-VEPkFA6hwmw7soqv7ComxIe5PzzaorUMPE566YICRmkcE8S/LR5KYXuILKHaZCV5h+hO3v6ppoSNA8Vntwty8A==",
      "requires": {
        "xmldom": "^0.1.27"
      }
    },
    "ini": {
      "version": "1.3.5",
      "resolved": "https://registry.npmjs.org/ini/-/ini-1.3.5.tgz",
      "integrity": "sha512-RZY5huIKCMRWDUqZlEi72f/lmXKMvuszcMBduliQ3nnWbx9X/ZBQO7DijMEYS9EhHBb2qacRUMtC7svLwe0lcw=="
    },
    "numeric": {
      "version": "1.2.6",
      "resolved": "https://registry.npmjs.org/numeric/-/numeric-1.2.6.tgz",
      "integrity": "sha1-dlsCvvl5iPz4gNTrPza4D6MTNao="
    },
    "three": {
      "version": "0.102.1",
      "resolved": "https://registry.npmjs.org/three/-/three-0.102.1.tgz",
      "integrity": "sha512-btHBdww/Es4vdBkB2GjTE9mpj0vy8tgtxkX7ne7uxySXV8zoGxWJv1N88BydxnCqvAfmD4ZUTqPeESO7oDgeOQ=="
    },
    "underscore": {
      "version": "1.9.1",
      "resolved": "https://registry.npmjs.org/underscore/-/underscore-1.9.1.tgz",
      "integrity": "sha512-5/4etnCkd9c8gwgowi5/om/mYO5ajCaOgdzj/oW+0eQV9WxKBDZw5+ycmKmeaTXjInS/W0BzpGLo2xR2aBwZdg=="
    },
    "xmldom": {
      "version": "0.1.27",
      "resolved": "https://registry.npmjs.org/xmldom/-/xmldom-0.1.27.tgz",
      "integrity": "sha1-1QH5ezvbQDr4757MIFcxh6rawOk="
    }
  }
}
